<?xml version="1.0" encoding="UTF-8" standalone="yes" ?>
<CodeBlocks_project_file>
	<FileVersion major="1" minor="6" />
	<Project>
		<Option title="Vixen" />
		<Option pch_mode="2" />
		<Option compiler="gcc" />
		<Build>
			<Target title="Debug">
				<Option output="bin/Debug/Vixen" imp_lib="$(TARGET_OUTPUT_DIR)$(TARGET_OUTPUT_BASENAME).a" def_file="$(TARGET_OUTPUT_DIR)$(TARGET_OUTPUT_BASENAME).def" prefix_auto="1" extension_auto="1" />
				<Option object_output="obj/Debug/" />
				<Option type="3" />
				<Option compiler="gcc" />
				<Option createDefFile="1" />
				<Option createStaticLib="1" />
				<Compiler>
					<Add option="-Wall" />
					<Add option="-std=c++14" />
					<Add option="-g" />
					<Add option="-DDEBUG" />
					<Add directory="Extensions" />
					<Add directory="include" />
				</Compiler>
				<Linker>
					<Add library="bin/Debug/libboost_system-mgw72-mt-d-x64-1_66.dll.a" />
					<Add library="bin/Debug/libboost_thread-mgw72-mt-d-x64-1_66.dll.a" />
				</Linker>
			</Target>
			<Target title="Release">
				<Option output="bin/Release/Vixen" prefix_auto="1" extension_auto="1" />
				<Option object_output="obj/Release/" />
				<Option type="1" />
				<Option compiler="gcc" />
				<Compiler>
					<Add option="-O2" />
					<Add directory="include" />
				</Compiler>
				<Linker>
					<Add option="-s" />
				</Linker>
			</Target>
			<Target title="Unittest">
				<Option output="bin/Debug/unittest" prefix_auto="1" extension_auto="1" />
				<Option type="1" />
				<Option compiler="gcc" />
				<Compiler>
					<Add option="-std=c++14" />
					<Add option="-g" />
					<Add directory="include" />
					<Add directory="Extensions" />
				</Compiler>
				<Linker>
					<Add library="bin/Debug/libVixen.a" />
					<Add library="bin/Debug/libboost_system-mgw72-mt-d-x64-1_66.dll.a" />
				</Linker>
			</Target>
			<Target title="Vixen">
				<Option output="bin/Debug/Vixen" prefix_auto="1" extension_auto="1" />
				<Option type="1" />
				<Option compiler="gcc" />
				<Compiler>
					<Add option="-std=c++14" />
					<Add option="-g" />
					<Add option="-DDEBUG" />
					<Add directory="include" />
					<Add directory="Extensions" />
					<Add directory="Extensions/include" />
				</Compiler>
				<Linker>
					<Add option="bin\Debug\exchndl.dll" />
					<Add library="bin/Debug/libVixen.a" />
					<Add library="bin/Debug/libboost_system-mgw72-mt-d-x64-1_66.dll.a" />
				</Linker>
			</Target>
		</Build>
		<Compiler>
			<Add option="-Wall" />
			<Add option="-fexceptions" />
		</Compiler>
		<Unit filename="include/Board.h">
			<Option target="Debug" />
			<Option target="Release" />
		</Unit>
		<Unit filename="include/Hash.h">
			<Option target="Debug" />
			<Option target="Release" />
		</Unit>
		<Unit filename="include/MoveGenerator.h">
			<Option target="Debug" />
			<Option target="Release" />
		</Unit>
		<Unit filename="include/defs.h">
			<Option target="Debug" />
			<Option target="Release" />
		</Unit>
		<Unit filename="src/Board.cpp">
			<Option target="Debug" />
			<Option target="Release" />
		</Unit>
		<Unit filename="src/Hash.cpp">
			<Option target="Debug" />
			<Option target="Release" />
		</Unit>
		<Unit filename="src/MoveGenerator.cpp">
			<Option target="Debug" />
			<Option target="Release" />
		</Unit>
		<Unit filename="src/main.cpp">
			<Option target="Release" />
			<Option target="Vixen" />
		</Unit>
		<Unit filename="src/unittest.cpp">
			<Option target="Release" />
			<Option target="Unittest" />
		</Unit>
		<Extensions>
			<code_completion />
			<envvars />
			<debugger />
			<lib_finder disable_auto="1" />
		</Extensions>
	</Project>
</CodeBlocks_project_file>
